
Microsoft Visual Studio Solution File, Format Version 12.00
# Visual Studio Version 17
VisualStudioVersion = 17.14.36518.9 d17.14
MinimumVisualStudioVersion = 10.0.40219.1
Project("{FAE04EC0-301F-11D3-BF4B-00C04F79EFBC}") = "smart-receipt-api", "smart-receipt-api.csproj", "{EEC4EE0B-8365-429A-8C0D-64A3761E5FA7}"
EndProject
Global
	GlobalSection(SolutionConfigurationPlatforms) = preSolution
		Debug|Any CPU = Debug|Any CPU
		Release|Any CPU = Release|Any CPU
	EndGlobalSection
	GlobalSection(ProjectConfigurationPlatforms) = postSolution
		{EEC4EE0B-8365-429A-8C0D-64A3761E5FA7}.Debug|Any CPU.ActiveCfg = Debug|Any CPU
		{EEC4EE0B-8365-429A-8C0D-64A3761E5FA7}.Debug|Any CPU.Build.0 = Debug|Any CPU
		{EEC4EE0B-8365-429A-8C0D-64A3761E5FA7}.Release|Any CPU.ActiveCfg = Release|Any CPU
		{EEC4EE0B-8365-429A-8C0D-64A3761E5FA7}.Release|Any CPU.Build.0 = Release|Any CPU
	EndGlobalSection
	GlobalSection(SolutionProperties) = preSolution
		HideSolutionNode = FALSE
	EndGlobalSection
	GlobalSection(ExtensibilityGlobals) = postSolution
		SolutionGuid = {00AE074D-6A9A-4BA0-ACBA-22B2EE7C23DC}
	EndGlobalSection
EndGlobal
